// !$*UTF8*$!
{
	archiveVersion = 1;
	classes = {
	};
	objectVersion = 50;
	objects = {

/* Begin PBXBuildFile section */
		AB867EAB255D6CB600966A25 /* AppDelegate.swift in Sources */ = {isa = PBXBuildFile; fileRef = AB867EAA255D6CB600966A25 /* AppDelegate.swift */; };
		AB867EAD255D6CB600966A25 /* SceneDelegate.swift in Sources */ = {isa = PBXBuildFile; fileRef = AB867EAC255D6CB600966A25 /* SceneDelegate.swift */; };
		AB867EAF255D6CB600966A25 /* ContentView.swift in Sources */ = {isa = PBXBuildFile; fileRef = AB867EAE255D6CB600966A25 /* ContentView.swift */; };
		AB867EB1255D6CB700966A25 /* Assets.xcassets in Resources */ = {isa = PBXBuildFile; fileRef = AB867EB0255D6CB700966A25 /* Assets.xcassets */; };
		AB867EB4255D6CB700966A25 /* Preview Assets.xcassets in Resources */ = {isa = PBXBuildFile; fileRef = AB867EB3255D6CB700966A25 /* Preview Assets.xcassets */; };
		AB867EB7255D6CB700966A25 /* LaunchScreen.storyboard in Resources */ = {isa = PBXBuildFile; fileRef = AB867EB5255D6CB700966A25 /* LaunchScreen.storyboard */; };
/* End PBXBuildFile section */

/* Begin PBXFileReference section */
		AB867EA7255D6CB600966A25 /* SwiftUIIntro.app */ = {isa = PBXFileReference; explicitFileType = wrapper.application; includeInIndex = 0; path = SwiftUIIntro.app; sourceTree = BUILT_PRODUCTS_DIR; };
		AB867EAA255D6CB600966A25 /* AppDelegate.swift */ = {isa = PBXFileReference; lastKnownFileType = sourcecode.swift; path = AppDelegate.swift; sourceTree = "<group>"; };
		AB867EAC255D6CB600966A25 /* SceneDelegate.swift */ = {isa = PBXFileReference; lastKnownFileType = sourcecode.swift; path = SceneDelegate.swift; sourceTree = "<group>"; };
		AB867EAE255D6CB600966A25 /* ContentView.swift */ = {isa = PBXFileReference; lastKnownFileType = sourcecode.swift; path = ContentView.swift; sourceTree = "<group>"; };
		AB867EB0255D6CB700966A25 /* Assets.xcassets */ = {isa = PBXFileReference; lastKnownFileType = folder.assetcatalog; path = Assets.xcassets; sourceTree = "<group>"; };
		AB867EB3255D6CB700966A25 /* Preview Assets.xcassets */ = {isa = PBXFileReference; lastKnownFileType = folder.assetcatalog; path = "Preview Assets.xcassets"; sourceTree = "<group>"; };
		AB867EB6255D6CB700966A25 /* Base */ = {isa = PBXFileReference; lastKnownFileType = file.storyboard; name = Base; path = Base.lproj/LaunchScreen.storyboard; sourceTree = "<group>"; };
		AB867EB8255D6CB700966A25 /* Info.plist */ = {isa = PBXFileReference; lastKnownFileType = text.plist.xml; path = Info.plist; sourceTree = "<group>"; };
/* End PBXFileReference section */

/* Begin PBXFrameworksBuildPhase section */
		AB867EA4255D6CB600966A25 /* Frameworks */ = {
			isa = PBXFrameworksBuildPhase;
			buildActionMask = 2147483647;
			files = (
			);
			runOnlyForDeploymentPostprocessing = 0;
		};
/* End PBXFrameworksBuildPhase section */

/* Begin PBXGroup section */
		AB867E9E255D6CB600966A25 = {
			isa = PBXGroup;
			children = (
				AB867EA9255D6CB600966A25 /* SwiftUIIntro */,
				AB867EA8255D6CB600966A25 /* Products */,
			);
			sourceTree = "<group>";
		};
		AB867EA8255D6CB600966A25 /* Products */ = {
			isa = PBXGroup;
			children = (
				AB867EA7255D6CB600966A25 /* SwiftUIIntro.app */,
			);
			name = Products;
			sourceTree = "<group>";
		};
		AB867EA9255D6CB600966A25 /* SwiftUIIntro */ = {
			isa = PBXGroup;
			children = (
				AB867EAA255D6CB600966A25 /* AppDelegate.swift */,
				AB867EAC255D6CB600966A25 /* SceneDelegate.swift */,
				AB867EAE255D6CB600966A25 /* ContentView.swift */,
				AB867EB0255D6CB700966A25 /* Assets.xcassets */,
				AB867EB5255D6CB700966A25 /* LaunchScreen.storyboard */,
				AB867EB8255D6CB700966A25 /* Info.plist */,
				AB867EB2255D6CB700966A25 /* Preview Content */,
			);
			path = SwiftUIIntro;
			sourceTree = "<group>";
		};
		AB867EB2255D6CB700966A25 /* Preview Content */ = {
			isa = PBXGroup;
			children = (
				AB867EB3255D6CB700966A25 /* Preview Assets.xcassets */,
			);
			path = "Preview Content";
			sourceTree = "<group>";
		};
/* End PBXGroup section */

/* Begin PBXNativeTarget section */
		AB867EA6255D6CB600966A25 /* SwiftUIIntro */ = {
			isa = PBXNativeTarget;
			buildConfigurationList = AB867EBB255D6CB700966A25 /* Build configuration list for PBXNativeTarget "SwiftUIIntro" */;
			buildPhases = (
				AB867EA3255D6CB600966A25 /* Sources */,
				AB867EA4255D6CB600966A25 /* Frameworks */,
				AB867EA5255D6CB600966A25 /* Resources */,
			);
			buildRules = (
			);
			dependencies = (
			);
			name = SwiftUIIntro;
			productName = SwiftUIIntro;
			productReference = AB867EA7255D6CB600966A25 /* SwiftUIIntro.app */;
			productType = "com.apple.product-type.application";
		};
/* End PBXNativeTarget section */

/* Begin PBXProject section */
		AB867E9F255D6CB600966A25 /* Project object */ = {
			isa = PBXProject;
			attributes = {
				LastSwiftUpdateCheck = 1210;
				LastUpgradeCheck = 1210;
				TargetAttributes = {
					AB867EA6255D6CB600966A25 = {
						CreatedOnToolsVersion = 12.1;
					};
				};
			};
			buildConfigurationList = AB867EA2255D6CB600966A25 /* Build configuration list for PBXProject "SwiftUIIntro" */;
			compatibilityVersion = "Xcode 9.3";
			developmentRegion = en;
			hasScannedForEncodings = 0;
			knownRegions = (
				en,
				Base,
			);
			mainGroup = AB867E9E255D6CB600966A25;
			productRefGroup = AB867EA8255D6CB600966A25 /* Products */;
			projectDirPath = "";
			projectRoot = "";
			targets = (
				AB867EA6255D6CB600966A25 /* SwiftUIIntro */,
			);
		};
/* End PBXProject section */

/* Begin PBXResourcesBuildPhase section */
		AB867EA5255D6CB600966A25 /* Resources */ = {
			isa = PBXResourcesBuildPhase;
			buildActionMask = 2147483647;
			files = (
				AB867EB7255D6CB700966A25 /* LaunchScreen.storyboard in Resources */,
				AB867EB4255D6CB700966A25 /* Preview Assets.xcassets in Resources */,
				AB867EB1255D6CB700966A25 /* Assets.xcassets in Resources */,
			);
			runOnlyForDeploymentPostprocessing = 0;
		};
/* End PBXResourcesBuildPhase section */

/* Begin PBXSourcesBuildPhase section */
		AB867EA3255D6CB600966A25 /* Sources */ = {
			isa = PBXSourcesBuildPhase;
			buildActionMask = 2147483647;
			files = (
				AB867EAB255D6CB600966A25 /* AppDelegate.swift in Sources */,
				AB867EAD255D6CB600966A25 /* SceneDelegate.swift in Sources */,
				AB867EAF255D6CB600966A25 /* ContentView.swift in Sources */,
			);
			runOnlyForDeploymentPostprocessing = 0;
		};
/* End PBXSourcesBuildPhase section */

/* Begin PBXVariantGroup section */
		AB867EB5255D6CB700966A25 /* LaunchScreen.storyboard */ = {
			isa = PBXVariantGroup;
			children = (
				AB867EB6255D6CB700966A25 /* Base */,
			);
			name = LaunchScreen.storyboard;
			sourceTree = "<group>";
		};
/* End PBXVariantGroup section */

/* Begin XCBuildConfiguration section */
		AB867EB9255D6CB700966A25 /* Debug */ = {
			isa = XCBuildConfiguration;
			buildSettings = {
				ALWAYS_SEARCH_USER_PATHS = NO;
				CLANG_ANALYZER_NONNULL = YES;
				CLANG_ANALYZER_NUMBER_OBJECT_CONVERSION = YES_AGGRESSIVE;
				CLANG_CXX_LANGUAGE_STANDARD = "gnu++14";
				CLANG_CXX_LIBRARY = "libc++";
				CLANG_ENABLE_MODULES = YES;
				CLANG_ENABLE_OBJC_ARC = YES;
				CLANG_ENABLE_OBJC_WEAK = YES;
				CLANG_WARN_BLOCK_CAPTURE_AUTORELEASING = YES;
				CLANG_WARN_BOOL_CONVERSION = YES;
				CLANG_WARN_COMMA = YES;
				CLANG_WARN_CONSTANT_CONVERSION = YES;
				CLANG_WARN_DEPRECATED_OBJC_IMPLEMENTATIONS = YES;
				CLANG_WARN_DIRECT_OBJC_ISA_USAGE = YES_ERROR;
				CLANG_WARN_DOCUMENTATION_COMMENTS = YES;
				CLANG_WARN_EMPTY_BODY = YES;
				CLANG_WARN_ENUM_CONVERSION = YES;
				CLANG_WARN_INFINITE_RECURSION = YES;
				CLANG_WARN_INT_CONVERSION = YES;
				CLANG_WARN_NON_LITERAL_NULL_CONVERSION = YES;
				CLANG_WARN_OBJC_IMPLICIT_RETAIN_SELF = YES;
				CLANG_WARN_OBJC_LITERAL_CONVERSION = YES;
				CLANG_WARN_OBJC_ROOT_CLASS = YES_ERROR;
				CLANG_WARN_QUOTED_INCLUDE_IN_FRAMEWORK_HEADER = YES;
				CLANG_WARN_RANGE_LOOP_ANALYSIS = YES;
				CLANG_WARN_STRICT_PROTOTYPES = YES;
				CLANG_WARN_SUSPICIOUS_MOVE = YES;
				CLANG_WARN_UNGUARDED_AVAILABILITY = YES_AGGRESSIVE;
				CLANG_WARN_UNREACHABLE_CODE = YES;
				CLANG_WARN__DUPLICATE_METHOD_MATCH = YES;
				COPY_PHASE_STRIP = NO;
				DEBUG_INFORMATION_FORMAT = dwarf;
				ENABLE_STRICT_OBJC_MSGSEND = YES;
				ENABLE_TESTABILITY = YES;
				GCC_C_LANGUAGE_STANDARD = gnu11;
				GCC_DYNAMIC_NO_PIC = NO;
				GCC_NO_COMMON_BLOCKS = YES;
				GCC_OPTIMIZATION_LEVEL = 0;
				GCC_PREPROCESSOR_DEFINITIONS = (
					"DEBUG=1",
					"$(inherited)",
				);
				GCC_WARN_64_TO_32_BIT_CONVERSION = YES;
				GCC_WARN_ABOUT_RETURN_TYPE = YES_ERROR;
				GCC_WARN_UNDECLARED_SELECTOR = YES;
				GCC_WARN_UNINITIALIZED_AUTOS = YES_AGGRESSIVE;
				GCC_WARN_UNUSED_FUNCTION = YES;
				GCC_WARN_UNUSED_VARIABLE = YES;
				IPHONEOS_DEPLOYMENT_TARGET = 14.1;
				MTL_ENABLE_DEBUG_INFO = INCLUDE_SOURCE;
				MTL_FAST_MATH = YES;
				ONLY_ACTIVE_ARCH = YES;
				SDKROOT = iphoneos;
				SWIFT_ACTIVE_COMPILATION_CONDITIONS = DEBUG;
				SWIFT_OPTIMIZATION_LEVEL = "-Onone";
			};
			name = Debug;
		};
		AB867EBA255D6CB700966A25 /* Release */ = {
			isa = XCBuildConfiguration;
			buildSettings = {
				ALWAYS_SEARCH_USER_PATHS = NO;
				CLANG_ANALYZER_NONNULL = YES;
				CLANG_ANALYZER_NUMBER_OBJECT_CONVERSION = YES_AGGRESSIVE;
				CLANG_CXX_LANGUAGE_STANDARD = "gnu++14";
				CLANG_CXX_LIBRARY = "libc++";
				CLANG_ENABLE_MODULES = YES;
				CLANG_ENABLE_OBJC_ARC = YES;
				CLANG_ENABLE_OBJC_WEAK = YES;
				CLANG_WARN_BLOCK_CAPTURE_AUTORELEASING = YES;
				CLANG_WARN_BOOL_CONVERSION = YES;
				CLANG_WARN_COMMA = YES;
				CLANG_WARN_CONSTANT_CONVERSION = YES;
				CLANG_WARN_DEPRECATED_OBJC_IMPLEMENTATIONS = YES;
				CLANG_WARN_DIRECT_OBJC_ISA_USAGE = YES_ERROR;
				CLANG_WARN_DOCUMENTATION_COMMENTS = YES;
				CLANG_WARN_EMPTY_BODY = YES;
				CLANG_WARN_ENUM_CONVERSION = YES;
				CLANG_WARN_INFINITE_RECURSION = YES;
				CLANG_WARN_INT_CONVERSION = YES;
				CLANG_WARN_NON_LITERAL_NULL_CONVERSION = YES;
				CLANG_WARN_OBJC_IMPLICIT_RETAIN_SELF = YES;
				CLANG_WARN_OBJC_LITERAL_CONVERSION = YES;
				CLANG_WARN_OBJC_ROOT_CLASS = YES_ERROR;
				CLANG_WARN_QUOTED_INCLUDE_IN_FRAMEWORK_HEADER = YES;
				CLANG_WARN_RANGE_LOOP_ANALYSIS = YES;
				CLANG_WARN_STRICT_PROTOTYPES = YES;
				CLANG_WARN_SUSPICIOUS_MOVE = YES;
				CLANG_WARN_UNGUARDED_AVAILABILITY = YES_AGGRESSIVE;
				CLANG_WARN_UNREACHABLE_CODE = YES;
				CLANG_WARN__DUPLICATE_METHOD_MATCH = YES;
				COPY_PHASE_STRIP = NO;
				DEBUG_INFORMATION_FORMAT = "dwarf-with-dsym";
				ENABLE_NS_ASSERTIONS = NO;
				ENABLE_STRICT_OBJC_MSGSEND = YES;
				GCC_C_LANGUAGE_STANDARD = gnu11;
				GCC_NO_COMMON_BLOCKS = YES;
				GCC_WARN_64_TO_32_BIT_CONVERSION = YES;
				GCC_WARN_ABOUT_RETURN_TYPE = YES_ERROR;
				GCC_WARN_UNDECLARED_SELECTOR = YES;
				GCC_WARN_UNINITIALIZED_AUTOS = YES_AGGRESSIVE;
				GCC_WARN_UNUSED_FUNCTION = YES;
				GCC_WARN_UNUSED_VARIABLE = YES;
				IPHONEOS_DEPLOYMENT_TARGET = 14.1;
				MTL_ENABLE_DEBUG_INFO = NO;
				MTL_FAST_MATH = YES;
				SDKROOT = iphoneos;
				SWIFT_COMPILATION_MODE = wholemodule;
				SWIFT_OPTIMIZATION_LEVEL = "-O";
				VALIDATE_PRODUCT = YES;
			};
			name = Release;
		};
		AB867EBC255D6CB700966A25 /* Debug */ = {
			isa = XCBuildConfiguration;
			buildSettings = {
				ASSETCATALOG_COMPILER_APPICON_NAME = AppIcon;
				ASSETCATALOG_COMPILER_GLOBAL_ACCENT_COLOR_NAME = AccentColor;
				CODE_SIGN_STYLE = Automatic;
				DEVELOPMENT_ASSET_PATHS = "\"SwiftUIIntro/Preview Content\"";
				ENABLE_PREVIEWS = YES;
				INFOPLIST_FILE = SwiftUIIntro/Info.plist;
				LD_RUNPATH_SEARCH_PATHS = (
					"$(inherited)",
					"@executable_path/Frameworks",
				);
				PRODUCT_BUNDLE_IDENTIFIER = se.magictechnology.SwiftUIIntro;
				PRODUCT_NAME = "$(TARGET_NAME)";
				SWIFT_VERSION = 5.0;
				TARGETED_DEVICE_FAMILY = "1,2";
			};
			name = Debug;
		};
		AB867EBD255D6CB700966A25 /* Release */ = {
			isa = XCBuildConfiguration;
			buildSettings = {
				ASSETCATALOG_COMPILER_APPICON_NAME = AppIcon;
				ASSETCATALOG_COMPILER_GLOBAL_ACCENT_COLOR_NAME = AccentColor;
				CODE_SIGN_STYLE = Automatic;
				DEVELOPMENT_ASSET_PATHS = "\"SwiftUIIntro/Preview Content\"";
				ENABLE_PREVIEWS = YES;
				INFOPLIST_FILE = SwiftUIIntro/Info.plist;
				LD_RUNPATH_SEARCH_PATHS = (
					"$(inherited)",
					"@executable_path/Frameworks",
				);
				PRODUCT_BUNDLE_IDENTIFIER = se.magictechnology.SwiftUIIntro;
				PRODUCT_NAME = "$(TARGET_NAME)";
				SWIFT_VERSION = 5.0;
				TARGETED_DEVICE_FAMILY = "1,2";
			};
			name = Release;
		};
/* End XCBuildConfiguration section */

/* Begin XCConfigurationList section */
		AB867EA2255D6CB600966A25 /* Build configuration list for PBXProject "SwiftUIIntro" */ = {
			isa = XCConfigurationList;
			buildConfigurations = (
				AB867EB9255D6CB700966A25 /* Debug */,
				AB867EBA255D6CB700966A25 /* Release */,
			);
			defaultConfigurationIsVisible = 0;
			defaultConfigurationName = Release;
		};
		AB867EBB255D6CB700966A25 /* Build configuration list for PBXNativeTarget "SwiftUIIntro" */ = {
			isa = XCConfigurationList;
			buildConfigurations = (
				AB867EBC255D6CB700966A25 /* Debug */,
				AB867EBD255D6CB700966A25 /* Release */,
			);
			defaultConfigurationIsVisible = 0;
			defaultConfigurationName = Release;
		};
/* End XCConfigurationList section */
	};
	rootObject = AB867E9F255D6CB600966A25 /* Project object */;
}
